
Microsoft Visual Studio Solution File, Format Version 12.00
# Visual Studio Version 16
VisualStudioVersion = 25.0.1703.8
MinimumVisualStudioVersion = 10.0.40219.1
Project("{FAE04EC0-301F-11D3-BF4B-00C04F79EFBC}") = "gifting-center", "gifting-center.csproj", "{B201A608-25AF-432E-9D47-3DD172157BA4}"
EndProject
Global
	GlobalSection(SolutionConfigurationPlatforms) = preSolution
		Debug|Any CPU = Debug|Any CPU
		Release|Any CPU = Release|Any CPU
	EndGlobalSection
	GlobalSection(ProjectConfigurationPlatforms) = postSolution
		{B201A608-25AF-432E-9D47-3DD172157BA4}.Debug|Any CPU.ActiveCfg = Debug|Any CPU
		{B201A608-25AF-432E-9D47-3DD172157BA4}.Debug|Any CPU.Build.0 = Debug|Any CPU
		{B201A608-25AF-432E-9D47-3DD172157BA4}.Release|Any CPU.ActiveCfg = Release|Any CPU
		{B201A608-25AF-432E-9D47-3DD172157BA4}.Release|Any CPU.Build.0 = Release|Any CPU
	EndGlobalSection
	GlobalSection(SolutionProperties) = preSolution
		HideSolutionNode = FALSE
	EndGlobalSection
	GlobalSection(ExtensibilityGlobals) = postSolution
		SolutionGuid = {7835ED3F-F57F-452D-A014-5E0347B3DCBE}
	EndGlobalSection
EndGlobal
